
Microsoft Visual Studio Solution File, Format Version 12.00
# Visual Studio Version 17
VisualStudioVersion = 17.9.34616.47
MinimumVisualStudioVersion = 10.0.40219.1
Project("{8BC9CEB8-8B4A-11D0-8D11-00A0C91BC942}") = "Main", "ParadigmaOOP2_0222\ParadigmaOOP2_0222.vcxproj", "{C9E00767-66C4-4AA2-930F-BB3B54205893}"
EndProject
Project("{8BC9CEB8-8B4A-11D0-8D11-00A0C91BC942}") = "Polimorphy", "Polimorphy\Polimorphy.vcxproj", "{F507AC78-CBD7-40D8-BA82-CA5378394BC1}"
EndProject
Project("{8BC9CEB8-8B4A-11D0-8D11-00A0C91BC942}") = "multiwaris", "multiwaris\multiwaris.vcxproj", "{0A88490F-D4B3-4DC4-8CAB-8984169A60FB}"
EndProject
Project("{8BC9CEB8-8B4A-11D0-8D11-00A0C91BC942}") = "Nopewarisan", "Nopewarisan\Nopewarisan.vcxproj", "{0551954A-B6AF-40D4-A989-CCAFE58580DA}"
EndProject
Project("{8BC9CEB8-8B4A-11D0-8D11-00A0C91BC942}") = "noOverridding", "noOverridding\noOverridding.vcxproj", "{CA10B074-0867-4231-9E8E-3B47FB61F104}"
EndProject
Project("{8BC9CEB8-8B4A-11D0-8D11-00A0C91BC942}") = "Enkapulasi", "Enkapulasi\Enkapulasi.vcxproj", "{D383A246-27B1-4A10-8E55-0EB3E9D98738}"
EndProject
Project("{8BC9CEB8-8B4A-11D0-8D11-00A0C91BC942}") = "Abstraksi", "Abstraksi\Abstraksi.vcxproj", "{5BF82370-1BA0-44BB-86C5-8703E10E11B6}"
EndProject
Global
	GlobalSection(SolutionConfigurationPlatforms) = preSolution
		Debug|x64 = Debug|x64
		Debug|x86 = Debug|x86
		Release|x64 = Release|x64
		Release|x86 = Release|x86
	EndGlobalSection
	GlobalSection(ProjectConfigurationPlatforms) = postSolution
		{C9E00767-66C4-4AA2-930F-BB3B54205893}.Debug|x64.ActiveCfg = Debug|x64
		{C9E00767-66C4-4AA2-930F-BB3B54205893}.Debug|x64.Build.0 = Debug|x64
		{C9E00767-66C4-4AA2-930F-BB3B54205893}.Debug|x86.ActiveCfg = Debug|Win32
		{C9E00767-66C4-4AA2-930F-BB3B54205893}.Debug|x86.Build.0 = Debug|Win32
		{C9E00767-66C4-4AA2-930F-BB3B54205893}.Release|x64.ActiveCfg = Release|x64
		{C9E00767-66C4-4AA2-930F-BB3B54205893}.Release|x64.Build.0 = Release|x64
		{C9E00767-66C4-4AA2-930F-BB3B54205893}.Release|x86.ActiveCfg = Release|Win32
		{C9E00767-66C4-4AA2-930F-BB3B54205893}.Release|x86.Build.0 = Release|Win32
		{F507AC78-CBD7-40D8-BA82-CA5378394BC1}.Debug|x64.ActiveCfg = Debug|x64
		{F507AC78-CBD7-40D8-BA82-CA5378394BC1}.Debug|x64.Build.0 = Debug|x64
		{F507AC78-CBD7-40D8-BA82-CA5378394BC1}.Debug|x86.ActiveCfg = Debug|Win32
		{F507AC78-CBD7-40D8-BA82-CA5378394BC1}.Debug|x86.Build.0 = Debug|Win32
		{F507AC78-CBD7-40D8-BA82-CA5378394BC1}.Release|x64.ActiveCfg = Release|x64
		{F507AC78-CBD7-40D8-BA82-CA5378394BC1}.Release|x64.Build.0 = Release|x64
		{F507AC78-CBD7-40D8-BA82-CA5378394BC1}.Release|x86.ActiveCfg = Release|Win32
		{F507AC78-CBD7-40D8-BA82-CA5378394BC1}.Release|x86.Build.0 = Release|Win32
		{0A88490F-D4B3-4DC4-8CAB-8984169A60FB}.Debug|x64.ActiveCfg = Debug|x64
		{0A88490F-D4B3-4DC4-8CAB-8984169A60FB}.Debug|x64.Build.0 = Debug|x64
		{0A88490F-D4B3-4DC4-8CAB-8984169A60FB}.Debug|x86.ActiveCfg = Debug|Win32
		{0A88490F-D4B3-4DC4-8CAB-8984169A60FB}.Debug|x86.Build.0 = Debug|Win32
		{0A88490F-D4B3-4DC4-8CAB-8984169A60FB}.Release|x64.ActiveCfg = Release|x64
		{0A88490F-D4B3-4DC4-8CAB-8984169A60FB}.Release|x64.Build.0 = Release|x64
		{0A88490F-D4B3-4DC4-8CAB-8984169A60FB}.Release|x86.ActiveCfg = Release|Win32
		{0A88490F-D4B3-4DC4-8CAB-8984169A60FB}.Release|x86.Build.0 = Release|Win32
		{0551954A-B6AF-40D4-A989-CCAFE58580DA}.Debug|x64.ActiveCfg = Debug|x64
		{0551954A-B6AF-40D4-A989-CCAFE58580DA}.Debug|x64.Build.0 = Debug|x64
		{0551954A-B6AF-40D4-A989-CCAFE58580DA}.Debug|x86.ActiveCfg = Debug|Win32
		{0551954A-B6AF-40D4-A989-CCAFE58580DA}.Debug|x86.Build.0 = Debug|Win32
		{0551954A-B6AF-40D4-A989-CCAFE58580DA}.Release|x64.ActiveCfg = Release|x64
		{0551954A-B6AF-40D4-A989-CCAFE58580DA}.Release|x64.Build.0 = Release|x64
		{0551954A-B6AF-40D4-A989-CCAFE58580DA}.Release|x86.ActiveCfg = Release|Win32
		{0551954A-B6AF-40D4-A989-CCAFE58580DA}.Release|x86.Build.0 = Release|Win32
		{CA10B074-0867-4231-9E8E-3B47FB61F104}.Debug|x64.ActiveCfg = Debug|x64
		{CA10B074-0867-4231-9E8E-3B47FB61F104}.Debug|x64.Build.0 = Debug|x64
		{CA10B074-0867-4231-9E8E-3B47FB61F104}.Debug|x86.ActiveCfg = Debug|Win32
		{CA10B074-0867-4231-9E8E-3B47FB61F104}.Debug|x86.Build.0 = Debug|Win32
		{CA10B074-0867-4231-9E8E-3B47FB61F104}.Release|x64.ActiveCfg = Release|x64
		{CA10B074-0867-4231-9E8E-3B47FB61F104}.Release|x64.Build.0 = Release|x64
		{CA10B074-0867-4231-9E8E-3B47FB61F104}.Release|x86.ActiveCfg = Release|Win32
		{CA10B074-0867-4231-9E8E-3B47FB61F104}.Release|x86.Build.0 = Release|Win32
		{D383A246-27B1-4A10-8E55-0EB3E9D98738}.Debug|x64.ActiveCfg = Debug|x64
		{D383A246-27B1-4A10-8E55-0EB3E9D98738}.Debug|x64.Build.0 = Debug|x64
		{D383A246-27B1-4A10-8E55-0EB3E9D98738}.Debug|x86.ActiveCfg = Debug|Win32
		{D383A246-27B1-4A10-8E55-0EB3E9D98738}.Debug|x86.Build.0 = Debug|Win32
		{D383A246-27B1-4A10-8E55-0EB3E9D98738}.Release|x64.ActiveCfg = Release|x64
		{D383A246-27B1-4A10-8E55-0EB3E9D98738}.Release|x64.Build.0 = Release|x64
		{D383A246-27B1-4A10-8E55-0EB3E9D98738}.Release|x86.ActiveCfg = Release|Win32
		{D383A246-27B1-4A10-8E55-0EB3E9D98738}.Release|x86.Build.0 = Release|Win32
		{5BF82370-1BA0-44BB-86C5-8703E10E11B6}.Debug|x64.ActiveCfg = Debug|x64
		{5BF82370-1BA0-44BB-86C5-8703E10E11B6}.Debug|x64.Build.0 = Debug|x64
		{5BF82370-1BA0-44BB-86C5-8703E10E11B6}.Debug|x86.ActiveCfg = Debug|Win32
		{5BF82370-1BA0-44BB-86C5-8703E10E11B6}.Debug|x86.Build.0 = Debug|Win32
		{5BF82370-1BA0-44BB-86C5-8703E10E11B6}.Release|x64.ActiveCfg = Release|x64
		{5BF82370-1BA0-44BB-86C5-8703E10E11B6}.Release|x64.Build.0 = Release|x64
		{5BF82370-1BA0-44BB-86C5-8703E10E11B6}.Release|x86.ActiveCfg = Release|Win32
		{5BF82370-1BA0-44BB-86C5-8703E10E11B6}.Release|x86.Build.0 = Release|Win32
	EndGlobalSection
	GlobalSection(SolutionProperties) = preSolution
		HideSolutionNode = FALSE
	EndGlobalSection
	GlobalSection(ExtensibilityGlobals) = postSolution
		SolutionGuid = {88E34B85-6B76-4984-BE94-59D87F46017D}
	EndGlobalSection
EndGlobal
